{
  "projects": [
    {
      "projectId": "seaQhLVS4bbjiGvJJrRwyL",
      "version": "15.0.3",
      "dependencies": {},
      "lang": "ts",
      "fileLocks": [
        {
          "assetId": "seaQhLVS4bbjiGvJJrRwyL",
          "type": "projectCss",
          "checksum": "ac57374f1c4c0422c575cbd5fefd672a"
        }
      ],
      "codegenVersion": "0.0.1"
    },
    {
      "projectId": "fqtEpZVaJ8Zu5P3rrBToQ1",
      "version": "latest",
      "dependencies": {
        "seaQhLVS4bbjiGvJJrRwyL": "15.0.3"
      },
      "lang": "ts",
      "fileLocks": [
        {
          "type": "globalVariant",
          "assetId": "bmkiWuKMfM5jzn",
          "checksum": "5b9fb6fb288cde37a7e8062b280c967f"
        },
        {
          "assetId": "fqtEpZVaJ8Zu5P3rrBToQ1",
          "type": "projectCss",
          "checksum": "cedf9fc3de0e11d1094e5f57c1aab149"
        },
        {
          "type": "renderModule",
          "assetId": "CelIFzgEie7St",
          "checksum": "a4c980640356e7f583eeba5514851a08"
        },
        {
          "type": "cssRules",
          "assetId": "CelIFzgEie7St",
          "checksum": "a4c980640356e7f583eeba5514851a08"
        },
        {
          "type": "renderModule",
          "assetId": "MD9xhCubmaAPV",
          "checksum": "fd39b27641c87600c47b6d34830774d5"
        },
        {
          "type": "cssRules",
          "assetId": "MD9xhCubmaAPV",
          "checksum": "fd39b27641c87600c47b6d34830774d5"
        },
        {
          "type": "renderModule",
          "assetId": "PVqdjJHBJhz2l",
          "checksum": "e5e7c57af5529df7a81c7b290a57c934"
        },
        {
          "type": "cssRules",
          "assetId": "PVqdjJHBJhz2l",
          "checksum": "e5e7c57af5529df7a81c7b290a57c934"
        },
        {
          "type": "renderModule",
          "assetId": "p6gGydlM8A-n6",
          "checksum": "26ccfded222264caabdc67c341f99b05"
        },
        {
          "type": "cssRules",
          "assetId": "p6gGydlM8A-n6",
          "checksum": "26ccfded222264caabdc67c341f99b05"
        },
        {
          "type": "renderModule",
          "assetId": "sHkvXcJx8c8_-",
          "checksum": "f09c17febba95217befeefdfbaf4c7c8"
        },
        {
          "type": "cssRules",
          "assetId": "sHkvXcJx8c8_-",
          "checksum": "f09c17febba95217befeefdfbaf4c7c8"
        },
        {
          "type": "renderModule",
          "assetId": "2QxS-ZmXdqqw9",
          "checksum": "92296c969e6e7fe7e821992c402507da"
        },
        {
          "type": "cssRules",
          "assetId": "2QxS-ZmXdqqw9",
          "checksum": "92296c969e6e7fe7e821992c402507da"
        },
        {
          "type": "renderModule",
          "assetId": "q2dK0gYKTHMCa3",
          "checksum": "3de7cd2229631697340d41fe86e417f4"
        },
        {
          "type": "cssRules",
          "assetId": "q2dK0gYKTHMCa3",
          "checksum": "3de7cd2229631697340d41fe86e417f4"
        },
        {
          "type": "renderModule",
          "assetId": "Kkh0xhp6LPG2B5",
          "checksum": "a064d10c43ee1f8f168a7d48ee132bf1"
        },
        {
          "type": "cssRules",
          "assetId": "Kkh0xhp6LPG2B5",
          "checksum": "a064d10c43ee1f8f168a7d48ee132bf1"
        },
        {
          "type": "renderModule",
          "assetId": "W3YBgOFgAwHZ27",
          "checksum": "a2b8e0746cd080b06171065ca8bff54d"
        },
        {
          "type": "cssRules",
          "assetId": "W3YBgOFgAwHZ27",
          "checksum": "a2b8e0746cd080b06171065ca8bff54d"
        },
        {
          "type": "renderModule",
          "assetId": "F1yYJZULtOoD7D",
          "checksum": "4c1d5ab5fe214025f92b7988dda27e11"
        },
        {
          "type": "cssRules",
          "assetId": "F1yYJZULtOoD7D",
          "checksum": "4c1d5ab5fe214025f92b7988dda27e11"
        },
        {
          "type": "renderModule",
          "assetId": "WWmf6zo5Most4S",
          "checksum": "c673620cbbf44eec93568c7abd978ce5"
        },
        {
          "type": "cssRules",
          "assetId": "WWmf6zo5Most4S",
          "checksum": "c673620cbbf44eec93568c7abd978ce5"
        },
        {
          "type": "renderModule",
          "assetId": "ih2sKG5NmDBYbD",
          "checksum": "8ec595861db60848ea985598c9dde88b"
        },
        {
          "type": "cssRules",
          "assetId": "ih2sKG5NmDBYbD",
          "checksum": "8ec595861db60848ea985598c9dde88b"
        },
        {
          "type": "renderModule",
          "assetId": "sWQYXivNXUbD5Y",
          "checksum": "e9108833df6ec112734715080806a186"
        },
        {
          "type": "cssRules",
          "assetId": "sWQYXivNXUbD5Y",
          "checksum": "e9108833df6ec112734715080806a186"
        },
        {
          "type": "renderModule",
          "assetId": "OQuM7o2oV27Wnp",
          "checksum": "e94930ab189d91f055696c6bc0b0dda0"
        },
        {
          "type": "cssRules",
          "assetId": "OQuM7o2oV27Wnp",
          "checksum": "e94930ab189d91f055696c6bc0b0dda0"
        },
        {
          "type": "renderModule",
          "assetId": "FyEiCMdgy6RUox",
          "checksum": "51e70d40aa74f7d81a1e67093ac49a4e"
        },
        {
          "type": "cssRules",
          "assetId": "FyEiCMdgy6RUox",
          "checksum": "51e70d40aa74f7d81a1e67093ac49a4e"
        },
        {
          "type": "renderModule",
          "assetId": "Ne3ehynYnVhdV_",
          "checksum": "73cb0f185a2c8535fb9ddecea7e29da0"
        },
        {
          "type": "cssRules",
          "assetId": "Ne3ehynYnVhdV_",
          "checksum": "73cb0f185a2c8535fb9ddecea7e29da0"
        },
        {
          "type": "renderModule",
          "assetId": "oco6cuO8OTvpDb",
          "checksum": "c3e4f4be04eb9a0122021c1a7f1ed567"
        },
        {
          "type": "cssRules",
          "assetId": "oco6cuO8OTvpDb",
          "checksum": "c3e4f4be04eb9a0122021c1a7f1ed567"
        },
        {
          "type": "icon",
          "assetId": "5QoQdSQTzTsCzq",
          "checksum": "2c646f351128c609ef098e24c9679fe2"
        },
        {
          "type": "icon",
          "assetId": "tZ2KrX49HpMfTf",
          "checksum": "ab42c50481dde64baed11f3ffb3c1ebe"
        },
        {
          "type": "icon",
          "assetId": "b2H2e706JR_UxY",
          "checksum": "3599a9dba2a0d16eb7b0a60a28e76542"
        },
        {
          "type": "icon",
          "assetId": "lVzRGsdS1T6WEL",
          "checksum": "e373acc2be9f3906dd596cba706d05bf"
        },
        {
          "type": "icon",
          "assetId": "_sL5DEDMvPg1A0",
          "checksum": "df067be88f0a4a6971ea7381248391b0"
        },
        {
          "type": "icon",
          "assetId": "KgLOWnnyoMP_Fl",
          "checksum": "72e5d74993aeee160603ce4dd32f3e32"
        },
        {
          "type": "icon",
          "assetId": "y9XxACsPhPLM_V",
          "checksum": "6a4004466428c304c2696713a67b735a"
        },
        {
          "type": "icon",
          "assetId": "fK1XFy-pKp9G96",
          "checksum": "998c4b99b9322ab63b58211c347ac2de"
        },
        {
          "type": "icon",
          "assetId": "WrsKWe4AOgbhIS",
          "checksum": "4765b7fef4f1f3c700b7df1f7305ff25"
        },
        {
          "type": "icon",
          "assetId": "sW5t-PAxCHXV7V",
          "checksum": "75e308951d5ed8715214e4615ad03865"
        },
        {
          "type": "icon",
          "assetId": "9rZf9lBFGnaVjd",
          "checksum": "5bcdf47b3cabea4c2d1d3ddd6d598ac1"
        },
        {
          "type": "icon",
          "assetId": "ezF9WvG8cygu-Q",
          "checksum": "303299fb8eb13d70e6c5ca2bfc8d7e31"
        },
        {
          "type": "icon",
          "assetId": "UeTyeARbmvnf2v",
          "checksum": "b0892c0f8d56ad250e60a3260c4983f9"
        },
        {
          "type": "icon",
          "assetId": "_SXD1lnW8vrpTp",
          "checksum": "d913b9b4b4022718f2cdc031ff772cfd"
        },
        {
          "type": "icon",
          "assetId": "QJdiBQ0dNpvjHZ",
          "checksum": "42fbe7fb27a40ec5fc8273fa2dda2c71"
        },
        {
          "type": "icon",
          "assetId": "VQwioedJD-Lu8L",
          "checksum": "429ad6fbe1af3b03b0b1eb2faf2e6f06"
        },
        {
          "type": "icon",
          "assetId": "yK926WjWZy0uKN",
          "checksum": "1f4b2e38ffc131c1811643e847dd4280"
        },
        {
          "type": "icon",
          "assetId": "uD545O-GBLVTOg",
          "checksum": "e46a2dea70c084b0e2353849e0312536"
        },
        {
          "type": "icon",
          "assetId": "Kbar6hLCC6U54Q",
          "checksum": "9d07ca20f18057fb1c1109dd5c65bb7f"
        },
        {
          "type": "icon",
          "assetId": "PnKat1PQifC86K",
          "checksum": "b076e8a8a420d39d96dc291d76fc158b"
        },
        {
          "type": "icon",
          "assetId": "8EuZDn52axQC4s",
          "checksum": "177ef7e62bdb2147bb53a305c3c4905b"
        },
        {
          "type": "icon",
          "assetId": "XFtQ75qKDuwhYz",
          "checksum": "00756b3763640e0a7395fa89c1c34f12"
        },
        {
          "type": "image",
          "assetId": "bWAIPfkt4shSpq",
          "checksum": "ff20da5244163710d1ec6f13a25e3db9"
        },
        {
          "type": "image",
          "assetId": "We6TO5klhGyvSl",
          "checksum": "538ad8415805cd8f1a17afffa178d523"
        },
        {
          "type": "image",
          "assetId": "XiRjm8cB2YX3UT",
          "checksum": "fe139498f1e83cc4a5335c707c6c278f"
        },
        {
          "type": "image",
          "assetId": "ncjVg9Ldk0_Jme",
          "checksum": "f9adcac8ac2feaf292bc5348c8895ea6"
        }
      ],
      "codegenVersion": "0.0.1"
    }
  ],
  "cliVersion": "0.1.182"
}
